
Microsoft Visual Studio Solution File, Format Version 12.00
# Visual Studio 15
VisualStudioVersion = 15.0.26430.14
MinimumVisualStudioVersion = 10.0.40219.1
Project("{FAE04EC0-301F-11D3-BF4B-00C04F79EFBC}") = "Optionally", "Optionally\Optionally.csproj", "{DC3D7619-46A9-458B-A1E8-ED16E6771492}"
EndProject
Project("{FAE04EC0-301F-11D3-BF4B-00C04F79EFBC}") = "Optionally.Tests", "Optionally.Tests\Optionally.Tests.csproj", "{2379CE12-BAED-471D-961D-858F547B7090}"
EndProject
Global
	GlobalSection(SolutionConfigurationPlatforms) = preSolution
		Debug|Any CPU = Debug|Any CPU
		Release|Any CPU = Release|Any CPU
	EndGlobalSection
	GlobalSection(ProjectConfigurationPlatforms) = postSolution
		{DC3D7619-46A9-458B-A1E8-ED16E6771492}.Debug|Any CPU.ActiveCfg = Debug|Any CPU
		{DC3D7619-46A9-458B-A1E8-ED16E6771492}.Debug|Any CPU.Build.0 = Debug|Any CPU
		{DC3D7619-46A9-458B-A1E8-ED16E6771492}.Release|Any CPU.ActiveCfg = Release|Any CPU
		{DC3D7619-46A9-458B-A1E8-ED16E6771492}.Release|Any CPU.Build.0 = Release|Any CPU
		{2379CE12-BAED-471D-961D-858F547B7090}.Debug|Any CPU.ActiveCfg = Debug|Any CPU
		{2379CE12-BAED-471D-961D-858F547B7090}.Debug|Any CPU.Build.0 = Debug|Any CPU
		{2379CE12-BAED-471D-961D-858F547B7090}.Release|Any CPU.ActiveCfg = Release|Any CPU
		{2379CE12-BAED-471D-961D-858F547B7090}.Release|Any CPU.Build.0 = Release|Any CPU
	EndGlobalSection
	GlobalSection(SolutionProperties) = preSolution
		HideSolutionNode = FALSE
	EndGlobalSection
EndGlobal
